// !$*UTF8*$!
{
	archiveVersion = 1;
	classes = {
	};
	objectVersion = 46;
	objects = {

/* Begin PBXBuildFile section */
		0E5FACB81DB56465003E4736 /* AppDelegate.swift in Sources */ = {isa = PBXBuildFile; fileRef = 0E5FACB71DB56465003E4736 /* AppDelegate.swift */; };
		0E5FACBA1DB56465003E4736 /* ViewController.swift in Sources */ = {isa = PBXBuildFile; fileRef = 0E5FACB91DB56465003E4736 /* ViewController.swift */; };
		0E5FACBD1DB56465003E4736 /* Main.storyboard in Resources */ = {isa = PBXBuildFile; fileRef = 0E5FACBB1DB56465003E4736 /* Main.storyboard */; };
		0E5FACBF1DB56465003E4736 /* Assets.xcassets in Resources */ = {isa = PBXBuildFile; fileRef = 0E5FACBE1DB56465003E4736 /* Assets.xcassets */; };
		0E5FACC21DB56465003E4736 /* LaunchScreen.storyboard in Resources */ = {isa = PBXBuildFile; fileRef = 0E5FACC01DB56465003E4736 /* LaunchScreen.storyboard */; };
		0E5FACCD1DB56465003E4736 /* FetchTests.swift in Sources */ = {isa = PBXBuildFile; fileRef = 0E5FACCC1DB56465003E4736 /* FetchTests.swift */; };
		0E5FACD81DB56465003E4736 /* FetchUITests.swift in Sources */ = {isa = PBXBuildFile; fileRef = 0E5FACD71DB56465003E4736 /* FetchUITests.swift */; };
		2F0FE7E719ED31B2D09D46FB /* Pods_Fetch.framework in Frameworks */ = {isa = PBXBuildFile; fileRef = D25EB4C28FE34316448B4B92 /* Pods_Fetch.framework */; };
		A052F8EDD4E7B84771E4AD92 /* Pods_FetchTests.framework in Frameworks */ = {isa = PBXBuildFile; fileRef = 47E8A4646366A08ACB82E319 /* Pods_FetchTests.framework */; };
		C690463DF2749A7CD69EB51B /* Pods_FetchUITests.framework in Frameworks */ = {isa = PBXBuildFile; fileRef = 76E895D2253805C2371C3BCC /* Pods_FetchUITests.framework */; };
/* End PBXBuildFile section */

/* Begin PBXContainerItemProxy section */
		0E5FACC91DB56465003E4736 /* PBXContainerItemProxy */ = {
			isa = PBXContainerItemProxy;
			containerPortal = 0E5FACAC1DB56465003E4736 /* Project object */;
			proxyType = 1;
			remoteGlobalIDString = 0E5FACB31DB56465003E4736;
			remoteInfo = Fetch;
		};
		0E5FACD41DB56465003E4736 /* PBXContainerItemProxy */ = {
			isa = PBXContainerItemProxy;
			containerPortal = 0E5FACAC1DB56465003E4736 /* Project object */;
			proxyType = 1;
			remoteGlobalIDString = 0E5FACB31DB56465003E4736;
			remoteInfo = Fetch;
		};
/* End PBXContainerItemProxy section */

/* Begin PBXFileReference section */
		0E5FACB41DB56465003E4736 /* Fetch.app */ = {isa = PBXFileReference; explicitFileType = wrapper.application; includeInIndex = 0; path = Fetch.app; sourceTree = BUILT_PRODUCTS_DIR; };
		0E5FACB71DB56465003E4736 /* AppDelegate.swift */ = {isa = PBXFileReference; lastKnownFileType = sourcecode.swift; path = AppDelegate.swift; sourceTree = "<group>"; };
		0E5FACB91DB56465003E4736 /* ViewController.swift */ = {isa = PBXFileReference; lastKnownFileType = sourcecode.swift; path = ViewController.swift; sourceTree = "<group>"; };
		0E5FACBC1DB56465003E4736 /* Base */ = {isa = PBXFileReference; lastKnownFileType = file.storyboard; name = Base; path = Base.lproj/Main.storyboard; sourceTree = "<group>"; };
		0E5FACBE1DB56465003E4736 /* Assets.xcassets */ = {isa = PBXFileReference; lastKnownFileType = folder.assetcatalog; path = Assets.xcassets; sourceTree = "<group>"; };
		0E5FACC11DB56465003E4736 /* Base */ = {isa = PBXFileReference; lastKnownFileType = file.storyboard; name = Base; path = Base.lproj/LaunchScreen.storyboard; sourceTree = "<group>"; };
		0E5FACC31DB56465003E4736 /* Info.plist */ = {isa = PBXFileReference; lastKnownFileType = text.plist.xml; path = Info.plist; sourceTree = "<group>"; };
		0E5FACC81DB56465003E4736 /* FetchTests.xctest */ = {isa = PBXFileReference; explicitFileType = wrapper.cfbundle; includeInIndex = 0; path = FetchTests.xctest; sourceTree = BUILT_PRODUCTS_DIR; };
		0E5FACCC1DB56465003E4736 /* FetchTests.swift */ = {isa = PBXFileReference; lastKnownFileType = sourcecode.swift; path = FetchTests.swift; sourceTree = "<group>"; };
		0E5FACCE1DB56465003E4736 /* Info.plist */ = {isa = PBXFileReference; lastKnownFileType = text.plist.xml; path = Info.plist; sourceTree = "<group>"; };
		0E5FACD31DB56465003E4736 /* FetchUITests.xctest */ = {isa = PBXFileReference; explicitFileType = wrapper.cfbundle; includeInIndex = 0; path = FetchUITests.xctest; sourceTree = BUILT_PRODUCTS_DIR; };
		0E5FACD71DB56465003E4736 /* FetchUITests.swift */ = {isa = PBXFileReference; lastKnownFileType = sourcecode.swift; path = FetchUITests.swift; sourceTree = "<group>"; };
		0E5FACD91DB56465003E4736 /* Info.plist */ = {isa = PBXFileReference; lastKnownFileType = text.plist.xml; path = Info.plist; sourceTree = "<group>"; };
		27D8D38F811D940C9B744FC1 /* Pods-FetchTests.debug.xcconfig */ = {isa = PBXFileReference; includeInIndex = 1; lastKnownFileType = text.xcconfig; name = "Pods-FetchTests.debug.xcconfig"; path = "Pods/Target Support Files/Pods-FetchTests/Pods-FetchTests.debug.xcconfig"; sourceTree = "<group>"; };
		36105114CB8D6DBED9713AC0 /* Pods-Fetch.release.xcconfig */ = {isa = PBXFileReference; includeInIndex = 1; lastKnownFileType = text.xcconfig; name = "Pods-Fetch.release.xcconfig"; path = "Pods/Target Support Files/Pods-Fetch/Pods-Fetch.release.xcconfig"; sourceTree = "<group>"; };
		44D9672801915467D4F09B17 /* Pods-FetchUITests.debug.xcconfig */ = {isa = PBXFileReference; includeInIndex = 1; lastKnownFileType = text.xcconfig; name = "Pods-FetchUITests.debug.xcconfig"; path = "Pods/Target Support Files/Pods-FetchUITests/Pods-FetchUITests.debug.xcconfig"; sourceTree = "<group>"; };
		47E8A4646366A08ACB82E319 /* Pods_FetchTests.framework */ = {isa = PBXFileReference; explicitFileType = wrapper.framework; includeInIndex = 0; path = Pods_FetchTests.framework; sourceTree = BUILT_PRODUCTS_DIR; };
		76E895D2253805C2371C3BCC /* Pods_FetchUITests.framework */ = {isa = PBXFileReference; explicitFileType = wrapper.framework; includeInIndex = 0; path = Pods_FetchUITests.framework; sourceTree = BUILT_PRODUCTS_DIR; };
		CAAD5E28EAA50A65EB473F37 /* Pods-Fetch.debug.xcconfig */ = {isa = PBXFileReference; includeInIndex = 1; lastKnownFileType = text.xcconfig; name = "Pods-Fetch.debug.xcconfig"; path = "Pods/Target Support Files/Pods-Fetch/Pods-Fetch.debug.xcconfig"; sourceTree = "<group>"; };
		D01E13452821ECD58EFE3D76 /* Pods-FetchUITests.release.xcconfig */ = {isa = PBXFileReference; includeInIndex = 1; lastKnownFileType = text.xcconfig; name = "Pods-FetchUITests.release.xcconfig"; path = "Pods/Target Support Files/Pods-FetchUITests/Pods-FetchUITests.release.xcconfig"; sourceTree = "<group>"; };
		D25EB4C28FE34316448B4B92 /* Pods_Fetch.framework */ = {isa = PBXFileReference; explicitFileType = wrapper.framework; includeInIndex = 0; path = Pods_Fetch.framework; sourceTree = BUILT_PRODUCTS_DIR; };
		ED25AFC2E2D0343875F2B094 /* Pods-FetchTests.release.xcconfig */ = {isa = PBXFileReference; includeInIndex = 1; lastKnownFileType = text.xcconfig; name = "Pods-FetchTests.release.xcconfig"; path = "Pods/Target Support Files/Pods-FetchTests/Pods-FetchTests.release.xcconfig"; sourceTree = "<group>"; };
/* End PBXFileReference section */

/* Begin PBXFrameworksBuildPhase section */
		0E5FACB11DB56465003E4736 /* Frameworks */ = {
			isa = PBXFrameworksBuildPhase;
			buildActionMask = 2147483647;
			files = (
				2F0FE7E719ED31B2D09D46FB /* Pods_Fetch.framework in Frameworks */,
			);
			runOnlyForDeploymentPostprocessing = 0;
		};
		0E5FACC51DB56465003E4736 /* Frameworks */ = {
			isa = PBXFrameworksBuildPhase;
			buildActionMask = 2147483647;
			files = (
				A052F8EDD4E7B84771E4AD92 /* Pods_FetchTests.framework in Frameworks */,
			);
			runOnlyForDeploymentPostprocessing = 0;
		};
		0E5FACD01DB56465003E4736 /* Frameworks */ = {
			isa = PBXFrameworksBuildPhase;
			buildActionMask = 2147483647;
			files = (
				C690463DF2749A7CD69EB51B /* Pods_FetchUITests.framework in Frameworks */,
			);
			runOnlyForDeploymentPostprocessing = 0;
		};
/* End PBXFrameworksBuildPhase section */

/* Begin PBXGroup section */
		00C6899A63E0C08F27031004 /* Pods */ = {
			isa = PBXGroup;
			children = (
				CAAD5E28EAA50A65EB473F37 /* Pods-Fetch.debug.xcconfig */,
				36105114CB8D6DBED9713AC0 /* Pods-Fetch.release.xcconfig */,
				27D8D38F811D940C9B744FC1 /* Pods-FetchTests.debug.xcconfig */,
				ED25AFC2E2D0343875F2B094 /* Pods-FetchTests.release.xcconfig */,
				44D9672801915467D4F09B17 /* Pods-FetchUITests.debug.xcconfig */,
				D01E13452821ECD58EFE3D76 /* Pods-FetchUITests.release.xcconfig */,
			);
			name = Pods;
			sourceTree = "<group>";
		};
		0E5FACAB1DB56465003E4736 = {
			isa = PBXGroup;
			children = (
				0E5FACB61DB56465003E4736 /* Fetch */,
				0E5FACCB1DB56465003E4736 /* FetchTests */,
				0E5FACD61DB56465003E4736 /* FetchUITests */,
				0E5FACB51DB56465003E4736 /* Products */,
				00C6899A63E0C08F27031004 /* Pods */,
				8BCFC8EB7084038EED9833F0 /* Frameworks */,
			);
			sourceTree = "<group>";
		};
		0E5FACB51DB56465003E4736 /* Products */ = {
			isa = PBXGroup;
			children = (
				0E5FACB41DB56465003E4736 /* Fetch.app */,
				0E5FACC81DB56465003E4736 /* FetchTests.xctest */,
				0E5FACD31DB56465003E4736 /* FetchUITests.xctest */,
			);
			name = Products;
			sourceTree = "<group>";
		};
		0E5FACB61DB56465003E4736 /* Fetch */ = {
			isa = PBXGroup;
			children = (
				0E5FACB71DB56465003E4736 /* AppDelegate.swift */,
				0E5FACB91DB56465003E4736 /* ViewController.swift */,
				0E5FACBB1DB56465003E4736 /* Main.storyboard */,
				0E5FACBE1DB56465003E4736 /* Assets.xcassets */,
				0E5FACC01DB56465003E4736 /* LaunchScreen.storyboard */,
				0E5FACC31DB56465003E4736 /* Info.plist */,
			);
			path = Fetch;
			sourceTree = "<group>";
		};
		0E5FACCB1DB56465003E4736 /* FetchTests */ = {
			isa = PBXGroup;
			children = (
				0E5FACCC1DB56465003E4736 /* FetchTests.swift */,
				0E5FACCE1DB56465003E4736 /* Info.plist */,
			);
			path = FetchTests;
			sourceTree = "<group>";
		};
		0E5FACD61DB56465003E4736 /* FetchUITests */ = {
			isa = PBXGroup;
			children = (
				0E5FACD71DB56465003E4736 /* FetchUITests.swift */,
				0E5FACD91DB56465003E4736 /* Info.plist */,
			);
			path = FetchUITests;
			sourceTree = "<group>";
		};
		8BCFC8EB7084038EED9833F0 /* Frameworks */ = {
			isa = PBXGroup;
			children = (
				D25EB4C28FE34316448B4B92 /* Pods_Fetch.framework */,
				47E8A4646366A08ACB82E319 /* Pods_FetchTests.framework */,
				76E895D2253805C2371C3BCC /* Pods_FetchUITests.framework */,
			);
			name = Frameworks;
			sourceTree = "<group>";
		};
/* End PBXGroup section */

/* Begin PBXNativeTarget section */
		0E5FACB31DB56465003E4736 /* Fetch */ = {
			isa = PBXNativeTarget;
			buildConfigurationList = 0E5FACDC1DB56465003E4736 /* Build configuration list for PBXNativeTarget "Fetch" */;
			buildPhases = (
				6A75D7F9944A6C852EA4D472 /* [CP] Check Pods Manifest.lock */,
				0E5FACB01DB56465003E4736 /* Sources */,
				0E5FACB11DB56465003E4736 /* Frameworks */,
				0E5FACB21DB56465003E4736 /* Resources */,
				FB24905445E402AD90A58EAE /* [CP] Embed Pods Frameworks */,
				095C39284332F3BE43C15A9F /* [CP] Copy Pods Resources */,
			);
			buildRules = (
			);
			dependencies = (
			);
			name = Fetch;
			productName = Fetch;
			productReference = 0E5FACB41DB56465003E4736 /* Fetch.app */;
			productType = "com.apple.product-type.application";
		};
		0E5FACC71DB56465003E4736 /* FetchTests */ = {
			isa = PBXNativeTarget;
			buildConfigurationList = 0E5FACDF1DB56465003E4736 /* Build configuration list for PBXNativeTarget "FetchTests" */;
			buildPhases = (
				94E40CB4579EA25A4ACD01D0 /* [CP] Check Pods Manifest.lock */,
				0E5FACC41DB56465003E4736 /* Sources */,
				0E5FACC51DB56465003E4736 /* Frameworks */,
				0E5FACC61DB56465003E4736 /* Resources */,
				A4A6DF367A6B6987D52EB889 /* [CP] Embed Pods Frameworks */,
				9F79197C1EDF5569F8920440 /* [CP] Copy Pods Resources */,
			);
			buildRules = (
			);
			dependencies = (
				0E5FACCA1DB56465003E4736 /* PBXTargetDependency */,
			);
			name = FetchTests;
			productName = FetchTests;
			productReference = 0E5FACC81DB56465003E4736 /* FetchTests.xctest */;
			productType = "com.apple.product-type.bundle.unit-test";
		};
		0E5FACD21DB56465003E4736 /* FetchUITests */ = {
			isa = PBXNativeTarget;
			buildConfigurationList = 0E5FACE21DB56465003E4736 /* Build configuration list for PBXNativeTarget "FetchUITests" */;
			buildPhases = (
				79A6BBC97E1EF01D18C7EE06 /* [CP] Check Pods Manifest.lock */,
				0E5FACCF1DB56465003E4736 /* Sources */,
				0E5FACD01DB56465003E4736 /* Frameworks */,
				0E5FACD11DB56465003E4736 /* Resources */,
				7099C53C53C3303540AA144C /* [CP] Embed Pods Frameworks */,
				704DB008BD06EB8AC156DF15 /* [CP] Copy Pods Resources */,
			);
			buildRules = (
			);
			dependencies = (
				0E5FACD51DB56465003E4736 /* PBXTargetDependency */,
			);
			name = FetchUITests;
			productName = FetchUITests;
			productReference = 0E5FACD31DB56465003E4736 /* FetchUITests.xctest */;
			productType = "com.apple.product-type.bundle.ui-testing";
		};
/* End PBXNativeTarget section */

/* Begin PBXProject section */
		0E5FACAC1DB56465003E4736 /* Project object */ = {
			isa = PBXProject;
			attributes = {
				LastSwiftUpdateCheck = 0800;
				LastUpgradeCheck = 0800;
				ORGANIZATIONNAME = "Chris Eldridge";
				TargetAttributes = {
					0E5FACB31DB56465003E4736 = {
						CreatedOnToolsVersion = 8.0;
						DevelopmentTeam = 4CVRDBTR8W;
						ProvisioningStyle = Automatic;
					};
					0E5FACC71DB56465003E4736 = {
						CreatedOnToolsVersion = 8.0;
						DevelopmentTeam = 4CVRDBTR8W;
						ProvisioningStyle = Automatic;
						TestTargetID = 0E5FACB31DB56465003E4736;
					};
					0E5FACD21DB56465003E4736 = {
						CreatedOnToolsVersion = 8.0;
						DevelopmentTeam = 4CVRDBTR8W;
						ProvisioningStyle = Automatic;
						TestTargetID = 0E5FACB31DB56465003E4736;
					};
				};
			};
			buildConfigurationList = 0E5FACAF1DB56465003E4736 /* Build configuration list for PBXProject "Fetch" */;
			compatibilityVersion = "Xcode 3.2";
			developmentRegion = English;
			hasScannedForEncodings = 0;
			knownRegions = (
				en,
				Base,
			);
			mainGroup = 0E5FACAB1DB56465003E4736;
			productRefGroup = 0E5FACB51DB56465003E4736 /* Products */;
			projectDirPath = "";
			projectRoot = "";
			targets = (
				0E5FACB31DB56465003E4736 /* Fetch */,
				0E5FACC71DB56465003E4736 /* FetchTests */,
				0E5FACD21DB56465003E4736 /* FetchUITests */,
			);
		};
/* End PBXProject section */

/* Begin PBXResourcesBuildPhase section */
		0E5FACB21DB56465003E4736 /* Resources */ = {
			isa = PBXResourcesBuildPhase;
			buildActionMask = 2147483647;
			files = (
				0E5FACC21DB56465003E4736 /* LaunchScreen.storyboard in Resources */,
				0E5FACBF1DB56465003E4736 /* Assets.xcassets in Resources */,
				0E5FACBD1DB56465003E4736 /* Main.storyboard in Resources */,
			);
			runOnlyForDeploymentPostprocessing = 0;
		};
		0E5FACC61DB56465003E4736 /* Resources */ = {
			isa = PBXResourcesBuildPhase;
			buildActionMask = 2147483647;
			files = (
			);
			runOnlyForDeploymentPostprocessing = 0;
		};
		0E5FACD11DB56465003E4736 /* Resources */ = {
			isa = PBXResourcesBuildPhase;
			buildActionMask = 2147483647;
			files = (
			);
			runOnlyForDeploymentPostprocessing = 0;
		};
/* End PBXResourcesBuildPhase section */

/* Begin PBXShellScriptBuildPhase section */
		095C39284332F3BE43C15A9F /* [CP] Copy Pods Resources */ = {
			isa = PBXShellScriptBuildPhase;
			buildActionMask = 2147483647;
			files = (
			);
			inputPaths = (
			);
			name = "[CP] Copy Pods Resources";
			outputPaths = (
			);
			runOnlyForDeploymentPostprocessing = 0;
			shellPath = /bin/sh;
			shellScript = "\"${SRCROOT}/Pods/Target Support Files/Pods-Fetch/Pods-Fetch-resources.sh\"\n";
			showEnvVarsInLog = 0;
		};
		6A75D7F9944A6C852EA4D472 /* [CP] Check Pods Manifest.lock */ = {
			isa = PBXShellScriptBuildPhase;
			buildActionMask = 2147483647;
			files = (
			);
			inputPaths = (
			);
			name = "[CP] Check Pods Manifest.lock";
			outputPaths = (
			);
			runOnlyForDeploymentPostprocessing = 0;
			shellPath = /bin/sh;
			shellScript = "diff \"${PODS_ROOT}/../Podfile.lock\" \"${PODS_ROOT}/Manifest.lock\" > /dev/null\nif [ $? != 0 ] ; then\n    # print error to STDERR\n    echo \"error: The sandbox is not in sync with the Podfile.lock. Run 'pod install' or update your CocoaPods installation.\" >&2\n    exit 1\nfi\n";
			showEnvVarsInLog = 0;
		};
		704DB008BD06EB8AC156DF15 /* [CP] Copy Pods Resources */ = {
			isa = PBXShellScriptBuildPhase;
			buildActionMask = 2147483647;
			files = (
			);
			inputPaths = (
			);
			name = "[CP] Copy Pods Resources";
			outputPaths = (
			);
			runOnlyForDeploymentPostprocessing = 0;
			shellPath = /bin/sh;
			shellScript = "\"${SRCROOT}/Pods/Target Support Files/Pods-FetchUITests/Pods-FetchUITests-resources.sh\"\n";
			showEnvVarsInLog = 0;
		};
		7099C53C53C3303540AA144C /* [CP] Embed Pods Frameworks */ = {
			isa = PBXShellScriptBuildPhase;
			buildActionMask = 2147483647;
			files = (
			);
			inputPaths = (
			);
			name = "[CP] Embed Pods Frameworks";
			outputPaths = (
			);
			runOnlyForDeploymentPostprocessing = 0;
			shellPath = /bin/sh;
			shellScript = "\"${SRCROOT}/Pods/Target Support Files/Pods-FetchUITests/Pods-FetchUITests-frameworks.sh\"\n";
			showEnvVarsInLog = 0;
		};
		79A6BBC97E1EF01D18C7EE06 /* [CP] Check Pods Manifest.lock */ = {
			isa = PBXShellScriptBuildPhase;
			buildActionMask = 2147483647;
			files = (
			);
			inputPaths = (
			);
			name = "[CP] Check Pods Manifest.lock";
			outputPaths = (
			);
			runOnlyForDeploymentPostprocessing = 0;
			shellPath = /bin/sh;
			shellScript = "diff \"${PODS_ROOT}/../Podfile.lock\" \"${PODS_ROOT}/Manifest.lock\" > /dev/null\nif [ $? != 0 ] ; then\n    # print error to STDERR\n    echo \"error: The sandbox is not in sync with the Podfile.lock. Run 'pod install' or update your CocoaPods installation.\" >&2\n    exit 1\nfi\n";
			showEnvVarsInLog = 0;
		};
		94E40CB4579EA25A4ACD01D0 /* [CP] Check Pods Manifest.lock */ = {
			isa = PBXShellScriptBuildPhase;
			buildActionMask = 2147483647;
			files = (
			);
			inputPaths = (
			);
			name = "[CP] Check Pods Manifest.lock";
			outputPaths = (
			);
			runOnlyForDeploymentPostprocessing = 0;
			shellPath = /bin/sh;
			shellScript = "diff \"${PODS_ROOT}/../Podfile.lock\" \"${PODS_ROOT}/Manifest.lock\" > /dev/null\nif [ $? != 0 ] ; then\n    # print error to STDERR\n    echo \"error: The sandbox is not in sync with the Podfile.lock. Run 'pod install' or update your CocoaPods installation.\" >&2\n    exit 1\nfi\n";
			showEnvVarsInLog = 0;
		};
		9F79197C1EDF5569F8920440 /* [CP] Copy Pods Resources */ = {
			isa = PBXShellScriptBuildPhase;
			buildActionMask = 2147483647;
			files = (
			);
			inputPaths = (
			);
			name = "[CP] Copy Pods Resources";
			outputPaths = (
			);
			runOnlyForDeploymentPostprocessing = 0;
			shellPath = /bin/sh;
			shellScript = "\"${SRCROOT}/Pods/Target Support Files/Pods-FetchTests/Pods-FetchTests-resources.sh\"\n";
			showEnvVarsInLog = 0;
		};
		A4A6DF367A6B6987D52EB889 /* [CP] Embed Pods Frameworks */ = {
			isa = PBXShellScriptBuildPhase;
			buildActionMask = 2147483647;
			files = (
			);
			inputPaths = (
			);
			name = "[CP] Embed Pods Frameworks";
			outputPaths = (
			);
			runOnlyForDeploymentPostprocessing = 0;
			shellPath = /bin/sh;
			shellScript = "\"${SRCROOT}/Pods/Target Support Files/Pods-FetchTests/Pods-FetchTests-frameworks.sh\"\n";
			showEnvVarsInLog = 0;
		};
		FB24905445E402AD90A58EAE /* [CP] Embed Pods Frameworks */ = {
			isa = PBXShellScriptBuildPhase;
			buildActionMask = 2147483647;
			files = (
			);
			inputPaths = (
			);
			name = "[CP] Embed Pods Frameworks";
			outputPaths = (
			);
			runOnlyForDeploymentPostprocessing = 0;
			shellPath = /bin/sh;
			shellScript = "\"${SRCROOT}/Pods/Target Support Files/Pods-Fetch/Pods-Fetch-frameworks.sh\"\n";
			showEnvVarsInLog = 0;
		};
/* End PBXShellScriptBuildPhase section */

/* Begin PBXSourcesBuildPhase section */
		0E5FACB01DB56465003E4736 /* Sources */ = {
			isa = PBXSourcesBuildPhase;
			buildActionMask = 2147483647;
			files = (
				0E5FACBA1DB56465003E4736 /* ViewController.swift in Sources */,
				0E5FACB81DB56465003E4736 /* AppDelegate.swift in Sources */,
			);
			runOnlyForDeploymentPostprocessing = 0;
		};
		0E5FACC41DB56465003E4736 /* Sources */ = {
			isa = PBXSourcesBuildPhase;
			buildActionMask = 2147483647;
			files = (
				0E5FACCD1DB56465003E4736 /* FetchTests.swift in Sources */,
			);
			runOnlyForDeploymentPostprocessing = 0;
		};
		0E5FACCF1DB56465003E4736 /* Sources */ = {
			isa = PBXSourcesBuildPhase;
			buildActionMask = 2147483647;
			files = (
				0E5FACD81DB56465003E4736 /* FetchUITests.swift in Sources */,
			);
			runOnlyForDeploymentPostprocessing = 0;
		};
/* End PBXSourcesBuildPhase section */

/* Begin PBXTargetDependency section */
		0E5FACCA1DB56465003E4736 /* PBXTargetDependency */ = {
			isa = PBXTargetDependency;
			target = 0E5FACB31DB56465003E4736 /* Fetch */;
			targetProxy = 0E5FACC91DB56465003E4736 /* PBXContainerItemProxy */;
		};
		0E5FACD51DB56465003E4736 /* PBXTargetDependency */ = {
			isa = PBXTargetDependency;
			target = 0E5FACB31DB56465003E4736 /* Fetch */;
			targetProxy = 0E5FACD41DB56465003E4736 /* PBXContainerItemProxy */;
		};
/* End PBXTargetDependency section */

/* Begin PBXVariantGroup section */
		0E5FACBB1DB56465003E4736 /* Main.storyboard */ = {
			isa = PBXVariantGroup;
			children = (
				0E5FACBC1DB56465003E4736 /* Base */,
			);
			name = Main.storyboard;
			sourceTree = "<group>";
		};
		0E5FACC01DB56465003E4736 /* LaunchScreen.storyboard */ = {
			isa = PBXVariantGroup;
			children = (
				0E5FACC11DB56465003E4736 /* Base */,
			);
			name = LaunchScreen.storyboard;
			sourceTree = "<group>";
		};
/* End PBXVariantGroup section */

/* Begin XCBuildConfiguration section */
		0E5FACDA1DB56465003E4736 /* Debug */ = {
			isa = XCBuildConfiguration;
			buildSettings = {
				ALWAYS_SEARCH_USER_PATHS = NO;
				CLANG_ANALYZER_NONNULL = YES;
				CLANG_CXX_LANGUAGE_STANDARD = "gnu++0x";
				CLANG_CXX_LIBRARY = "libc++";
				CLANG_ENABLE_MODULES = YES;
				CLANG_ENABLE_OBJC_ARC = YES;
				CLANG_WARN_BOOL_CONVERSION = YES;
				CLANG_WARN_CONSTANT_CONVERSION = YES;
				CLANG_WARN_DIRECT_OBJC_ISA_USAGE = YES_ERROR;
				CLANG_WARN_DOCUMENTATION_COMMENTS = YES;
				CLANG_WARN_EMPTY_BODY = YES;
				CLANG_WARN_ENUM_CONVERSION = YES;
				CLANG_WARN_INFINITE_RECURSION = YES;
				CLANG_WARN_INT_CONVERSION = YES;
				CLANG_WARN_OBJC_ROOT_CLASS = YES_ERROR;
				CLANG_WARN_SUSPICIOUS_MOVES = YES;
				CLANG_WARN_UNREACHABLE_CODE = YES;
				CLANG_WARN__DUPLICATE_METHOD_MATCH = YES;
				"CODE_SIGN_IDENTITY[sdk=iphoneos*]" = "iPhone Developer";
				COPY_PHASE_STRIP = NO;
				DEBUG_INFORMATION_FORMAT = dwarf;
				ENABLE_STRICT_OBJC_MSGSEND = YES;
				ENABLE_TESTABILITY = YES;
				GCC_C_LANGUAGE_STANDARD = gnu99;
				GCC_DYNAMIC_NO_PIC = NO;
				GCC_NO_COMMON_BLOCKS = YES;
				GCC_OPTIMIZATION_LEVEL = 0;
				GCC_PREPROCESSOR_DEFINITIONS = (
					"DEBUG=1",
					"$(inherited)",
				);
				GCC_WARN_64_TO_32_BIT_CONVERSION = YES;
				GCC_WARN_ABOUT_RETURN_TYPE = YES_ERROR;
				GCC_WARN_UNDECLARED_SELECTOR = YES;
				GCC_WARN_UNINITIALIZED_AUTOS = YES_AGGRESSIVE;
				GCC_WARN_UNUSED_FUNCTION = YES;
				GCC_WARN_UNUSED_VARIABLE = YES;
				IPHONEOS_DEPLOYMENT_TARGET = 10.0;
				MTL_ENABLE_DEBUG_INFO = YES;
				ONLY_ACTIVE_ARCH = YES;
				SDKROOT = iphoneos;
				SWIFT_ACTIVE_COMPILATION_CONDITIONS = DEBUG;
				SWIFT_OPTIMIZATION_LEVEL = "-Onone";
			};
			name = Debug;
		};
		0E5FACDB1DB56465003E4736 /* Release */ = {
			isa = XCBuildConfiguration;
			buildSettings = {
				ALWAYS_SEARCH_USER_PATHS = NO;
				CLANG_ANALYZER_NONNULL = YES;
				CLANG_CXX_LANGUAGE_STANDARD = "gnu++0x";
				CLANG_CXX_LIBRARY = "libc++";
				CLANG_ENABLE_MODULES = YES;
				CLANG_ENABLE_OBJC_ARC = YES;
				CLANG_WARN_BOOL_CONVERSION = YES;
				CLANG_WARN_CONSTANT_CONVERSION = YES;
				CLANG_WARN_DIRECT_OBJC_ISA_USAGE = YES_ERROR;
				CLANG_WARN_DOCUMENTATION_COMMENTS = YES;
				CLANG_WARN_EMPTY_BODY = YES;
				CLANG_WARN_ENUM_CONVERSION = YES;
				CLANG_WARN_INFINITE_RECURSION = YES;
				CLANG_WARN_INT_CONVERSION = YES;
				CLANG_WARN_OBJC_ROOT_CLASS = YES_ERROR;
				CLANG_WARN_SUSPICIOUS_MOVES = YES;
				CLANG_WARN_UNREACHABLE_CODE = YES;
				CLANG_WARN__DUPLICATE_METHOD_MATCH = YES;
				"CODE_SIGN_IDENTITY[sdk=iphoneos*]" = "iPhone Developer";
				COPY_PHASE_STRIP = NO;
				DEBUG_INFORMATION_FORMAT = "dwarf-with-dsym";
				ENABLE_NS_ASSERTIONS = NO;
				ENABLE_STRICT_OBJC_MSGSEND = YES;
				GCC_C_LANGUAGE_STANDARD = gnu99;
				GCC_NO_COMMON_BLOCKS = YES;
				GCC_WARN_64_TO_32_BIT_CONVERSION = YES;
				GCC_WARN_ABOUT_RETURN_TYPE = YES_ERROR;
				GCC_WARN_UNDECLARED_SELECTOR = YES;
				GCC_WARN_UNINITIALIZED_AUTOS = YES_AGGRESSIVE;
				GCC_WARN_UNUSED_FUNCTION = YES;
				GCC_WARN_UNUSED_VARIABLE = YES;
				IPHONEOS_DEPLOYMENT_TARGET = 10.0;
				MTL_ENABLE_DEBUG_INFO = NO;
				SDKROOT = iphoneos;
				SWIFT_OPTIMIZATION_LEVEL = "-Owholemodule";
				VALIDATE_PRODUCT = YES;
			};
			name = Release;
		};
		0E5FACDD1DB56465003E4736 /* Debug */ = {
			isa = XCBuildConfiguration;
			baseConfigurationReference = CAAD5E28EAA50A65EB473F37 /* Pods-Fetch.debug.xcconfig */;
			buildSettings = {
				ASSETCATALOG_COMPILER_APPICON_NAME = AppIcon;
				DEVELOPMENT_TEAM = 4CVRDBTR8W;
				INFOPLIST_FILE = Fetch/Info.plist;
				LD_RUNPATH_SEARCH_PATHS = "$(inherited) @executable_path/Frameworks";
				PRODUCT_BUNDLE_IDENTIFIER = self.Fetch;
				PRODUCT_NAME = "$(TARGET_NAME)";
				SWIFT_VERSION = 3.0;
			};
			name = Debug;
		};
		0E5FACDE1DB56465003E4736 /* Release */ = {
			isa = XCBuildConfiguration;
			baseConfigurationReference = 36105114CB8D6DBED9713AC0 /* Pods-Fetch.release.xcconfig */;
			buildSettings = {
				ASSETCATALOG_COMPILER_APPICON_NAME = AppIcon;
				DEVELOPMENT_TEAM = 4CVRDBTR8W;
				INFOPLIST_FILE = Fetch/Info.plist;
				LD_RUNPATH_SEARCH_PATHS = "$(inherited) @executable_path/Frameworks";
				PRODUCT_BUNDLE_IDENTIFIER = self.Fetch;
				PRODUCT_NAME = "$(TARGET_NAME)";
				SWIFT_VERSION = 3.0;
			};
			name = Release;
		};
		0E5FACE01DB56465003E4736 /* Debug */ = {
			isa = XCBuildConfiguration;
			baseConfigurationReference = 27D8D38F811D940C9B744FC1 /* Pods-FetchTests.debug.xcconfig */;
			buildSettings = {
				ALWAYS_EMBED_SWIFT_STANDARD_LIBRARIES = YES;
				BUNDLE_LOADER = "$(TEST_HOST)";
				DEVELOPMENT_TEAM = 4CVRDBTR8W;
				INFOPLIST_FILE = FetchTests/Info.plist;
				LD_RUNPATH_SEARCH_PATHS = "$(inherited) @executable_path/Frameworks @loader_path/Frameworks";
				PRODUCT_BUNDLE_IDENTIFIER = self.FetchTests;
				PRODUCT_NAME = "$(TARGET_NAME)";
				SWIFT_VERSION = 3.0;
				TEST_HOST = "$(BUILT_PRODUCTS_DIR)/Fetch.app/Fetch";
			};
			name = Debug;
		};
		0E5FACE11DB56465003E4736 /* Release */ = {
			isa = XCBuildConfiguration;
			baseConfigurationReference = ED25AFC2E2D0343875F2B094 /* Pods-FetchTests.release.xcconfig */;
			buildSettings = {
				ALWAYS_EMBED_SWIFT_STANDARD_LIBRARIES = YES;
				BUNDLE_LOADER = "$(TEST_HOST)";
				DEVELOPMENT_TEAM = 4CVRDBTR8W;
				INFOPLIST_FILE = FetchTests/Info.plist;
				LD_RUNPATH_SEARCH_PATHS = "$(inherited) @executable_path/Frameworks @loader_path/Frameworks";
				PRODUCT_BUNDLE_IDENTIFIER = self.FetchTests;
				PRODUCT_NAME = "$(TARGET_NAME)";
				SWIFT_VERSION = 3.0;
				TEST_HOST = "$(BUILT_PRODUCTS_DIR)/Fetch.app/Fetch";
			};
			name = Release;
		};
		0E5FACE31DB56465003E4736 /* Debug */ = {
			isa = XCBuildConfiguration;
			baseConfigurationReference = 44D9672801915467D4F09B17 /* Pods-FetchUITests.debug.xcconfig */;
			buildSettings = {
				ALWAYS_EMBED_SWIFT_STANDARD_LIBRARIES = YES;
				DEVELOPMENT_TEAM = 4CVRDBTR8W;
				INFOPLIST_FILE = FetchUITests/Info.plist;
				LD_RUNPATH_SEARCH_PATHS = "$(inherited) @executable_path/Frameworks @loader_path/Frameworks";
				PRODUCT_BUNDLE_IDENTIFIER = self.FetchUITests;
				PRODUCT_NAME = "$(TARGET_NAME)";
				SWIFT_VERSION = 3.0;
				TEST_TARGET_NAME = Fetch;
			};
			name = Debug;
		};
		0E5FACE41DB56465003E4736 /* Release */ = {
			isa = XCBuildConfiguration;
			baseConfigurationReference = D01E13452821ECD58EFE3D76 /* Pods-FetchUITests.release.xcconfig */;
			buildSettings = {
				ALWAYS_EMBED_SWIFT_STANDARD_LIBRARIES = YES;
				DEVELOPMENT_TEAM = 4CVRDBTR8W;
				INFOPLIST_FILE = FetchUITests/Info.plist;
				LD_RUNPATH_SEARCH_PATHS = "$(inherited) @executable_path/Frameworks @loader_path/Frameworks";
				PRODUCT_BUNDLE_IDENTIFIER = self.FetchUITests;
				PRODUCT_NAME = "$(TARGET_NAME)";
				SWIFT_VERSION = 3.0;
				TEST_TARGET_NAME = Fetch;
			};
			name = Release;
		};
/* End XCBuildConfiguration section */

/* Begin XCConfigurationList section */
		0E5FACAF1DB56465003E4736 /* Build configuration list for PBXProject "Fetch" */ = {
			isa = XCConfigurationList;
			buildConfigurations = (
				0E5FACDA1DB56465003E4736 /* Debug */,
				0E5FACDB1DB56465003E4736 /* Release */,
			);
			defaultConfigurationIsVisible = 0;
			defaultConfigurationName = Release;
		};
		0E5FACDC1DB56465003E4736 /* Build configuration list for PBXNativeTarget "Fetch" */ = {
			isa = XCConfigurationList;
			buildConfigurations = (
				0E5FACDD1DB56465003E4736 /* Debug */,
				0E5FACDE1DB56465003E4736 /* Release */,
			);
			defaultConfigurationIsVisible = 0;
			defaultConfigurationName = Release;
		};
		0E5FACDF1DB56465003E4736 /* Build configuration list for PBXNativeTarget "FetchTests" */ = {
			isa = XCConfigurationList;
			buildConfigurations = (
				0E5FACE01DB56465003E4736 /* Debug */,
				0E5FACE11DB56465003E4736 /* Release */,
			);
			defaultConfigurationIsVisible = 0;
			defaultConfigurationName = Release;
		};
		0E5FACE21DB56465003E4736 /* Build configuration list for PBXNativeTarget "FetchUITests" */ = {
			isa = XCConfigurationList;
			buildConfigurations = (
				0E5FACE31DB56465003E4736 /* Debug */,
				0E5FACE41DB56465003E4736 /* Release */,
			);
			defaultConfigurationIsVisible = 0;
			defaultConfigurationName = Release;
		};
/* End XCConfigurationList section */
	};
	rootObject = 0E5FACAC1DB56465003E4736 /* Project object */;
}
